// !$*UTF8*$!
{
	archiveVersion = 1;
	classes = {
	};
	objectVersion = 50;
	objects = {

/* Begin PBXBuildFile section */
		DF7977C9244EB93800BBD2EF /* AppDelegate.swift in Sources */ = {isa = PBXBuildFile; fileRef = DF7977C8244EB93800BBD2EF /* AppDelegate.swift */; };
		DF7977CB244EB93800BBD2EF /* SceneDelegate.swift in Sources */ = {isa = PBXBuildFile; fileRef = DF7977CA244EB93800BBD2EF /* SceneDelegate.swift */; };
		DF7977CD244EB93800BBD2EF /* ContentView.swift in Sources */ = {isa = PBXBuildFile; fileRef = DF7977CC244EB93800BBD2EF /* ContentView.swift */; };
		DF7977CF244EB93C00BBD2EF /* Assets.xcassets in Resources */ = {isa = PBXBuildFile; fileRef = DF7977CE244EB93C00BBD2EF /* Assets.xcassets */; };
		DF7977D2244EB93C00BBD2EF /* Preview Assets.xcassets in Resources */ = {isa = PBXBuildFile; fileRef = DF7977D1244EB93C00BBD2EF /* Preview Assets.xcassets */; };
		DF7977D5244EB93C00BBD2EF /* LaunchScreen.storyboard in Resources */ = {isa = PBXBuildFile; fileRef = DF7977D3244EB93C00BBD2EF /* LaunchScreen.storyboard */; };
/* End PBXBuildFile section */

/* Begin PBXFileReference section */
		DF7977C5244EB93800BBD2EF /* Tint Overlay.app */ = {isa = PBXFileReference; explicitFileType = wrapper.application; includeInIndex = 0; path = "Tint Overlay.app"; sourceTree = BUILT_PRODUCTS_DIR; };
		DF7977C8244EB93800BBD2EF /* AppDelegate.swift */ = {isa = PBXFileReference; lastKnownFileType = sourcecode.swift; path = AppDelegate.swift; sourceTree = "<group>"; };
		DF7977CA244EB93800BBD2EF /* SceneDelegate.swift */ = {isa = PBXFileReference; lastKnownFileType = sourcecode.swift; path = SceneDelegate.swift; sourceTree = "<group>"; };
		DF7977CC244EB93800BBD2EF /* ContentView.swift */ = {isa = PBXFileReference; lastKnownFileType = sourcecode.swift; path = ContentView.swift; sourceTree = "<group>"; };
		DF7977CE244EB93C00BBD2EF /* Assets.xcassets */ = {isa = PBXFileReference; lastKnownFileType = folder.assetcatalog; path = Assets.xcassets; sourceTree = "<group>"; };
		DF7977D1244EB93C00BBD2EF /* Preview Assets.xcassets */ = {isa = PBXFileReference; lastKnownFileType = folder.assetcatalog; path = "Preview Assets.xcassets"; sourceTree = "<group>"; };
		DF7977D4244EB93C00BBD2EF /* Base */ = {isa = PBXFileReference; lastKnownFileType = file.storyboard; name = Base; path = Base.lproj/LaunchScreen.storyboard; sourceTree = "<group>"; };
		DF7977D6244EB93C00BBD2EF /* Info.plist */ = {isa = PBXFileReference; lastKnownFileType = text.plist.xml; path = Info.plist; sourceTree = "<group>"; };
/* End PBXFileReference section */

/* Begin PBXFrameworksBuildPhase section */
		DF7977C2244EB93800BBD2EF /* Frameworks */ = {
			isa = PBXFrameworksBuildPhase;
			buildActionMask = 2147483647;
			files = (
			);
			runOnlyForDeploymentPostprocessing = 0;
		};
/* End PBXFrameworksBuildPhase section */

/* Begin PBXGroup section */
		DF7977BC244EB93800BBD2EF = {
			isa = PBXGroup;
			children = (
				DF7977C7244EB93800BBD2EF /* Tint Overlay */,
				DF7977C6244EB93800BBD2EF /* Products */,
			);
			sourceTree = "<group>";
		};
		DF7977C6244EB93800BBD2EF /* Products */ = {
			isa = PBXGroup;
			children = (
				DF7977C5244EB93800BBD2EF /* Tint Overlay.app */,
			);
			name = Products;
			sourceTree = "<group>";
		};
		DF7977C7244EB93800BBD2EF /* Tint Overlay */ = {
			isa = PBXGroup;
			children = (
				DF7977C8244EB93800BBD2EF /* AppDelegate.swift */,
				DF7977CA244EB93800BBD2EF /* SceneDelegate.swift */,
				DF7977CC244EB93800BBD2EF /* ContentView.swift */,
				DF7977CE244EB93C00BBD2EF /* Assets.xcassets */,
				DF7977D3244EB93C00BBD2EF /* LaunchScreen.storyboard */,
				DF7977D6244EB93C00BBD2EF /* Info.plist */,
				DF7977D0244EB93C00BBD2EF /* Preview Content */,
			);
			path = "Tint Overlay";
			sourceTree = "<group>";
		};
		DF7977D0244EB93C00BBD2EF /* Preview Content */ = {
			isa = PBXGroup;
			children = (
				DF7977D1244EB93C00BBD2EF /* Preview Assets.xcassets */,
			);
			path = "Preview Content";
			sourceTree = "<group>";
		};
/* End PBXGroup section */

/* Begin PBXNativeTarget section */
		DF7977C4244EB93800BBD2EF /* Tint Overlay */ = {
			isa = PBXNativeTarget;
			buildConfigurationList = DF7977D9244EB93C00BBD2EF /* Build configuration list for PBXNativeTarget "Tint Overlay" */;
			buildPhases = (
				DF7977C1244EB93800BBD2EF /* Sources */,
				DF7977C2244EB93800BBD2EF /* Frameworks */,
				DF7977C3244EB93800BBD2EF /* Resources */,
			);
			buildRules = (
			);
			dependencies = (
			);
			name = "Tint Overlay";
			productName = "Tint Overlay";
			productReference = DF7977C5244EB93800BBD2EF /* Tint Overlay.app */;
			productType = "com.apple.product-type.application";
		};
/* End PBXNativeTarget section */

/* Begin PBXProject section */
		DF7977BD244EB93800BBD2EF /* Project object */ = {
			isa = PBXProject;
			attributes = {
				LastSwiftUpdateCheck = 1140;
				LastUpgradeCheck = 1140;
				ORGANIZATIONNAME = "Andrew Fletcher";
				TargetAttributes = {
					DF7977C4244EB93800BBD2EF = {
						CreatedOnToolsVersion = 11.4.1;
					};
				};
			};
			buildConfigurationList = DF7977C0244EB93800BBD2EF /* Build configuration list for PBXProject "Tint Overlay" */;
			compatibilityVersion = "Xcode 9.3";
			developmentRegion = en;
			hasScannedForEncodings = 0;
			knownRegions = (
				en,
				Base,
			);
			mainGroup = DF7977BC244EB93800BBD2EF;
			productRefGroup = DF7977C6244EB93800BBD2EF /* Products */;
			projectDirPath = "";
			projectRoot = "";
			targets = (
				DF7977C4244EB93800BBD2EF /* Tint Overlay */,
			);
		};
/* End PBXProject section */

/* Begin PBXResourcesBuildPhase section */
		DF7977C3244EB93800BBD2EF /* Resources */ = {
			isa = PBXResourcesBuildPhase;
			buildActionMask = 2147483647;
			files = (
				DF7977D5244EB93C00BBD2EF /* LaunchScreen.storyboard in Resources */,
				DF7977D2244EB93C00BBD2EF /* Preview Assets.xcassets in Resources */,
				DF7977CF244EB93C00BBD2EF /* Assets.xcassets in Resources */,
			);
			runOnlyForDeploymentPostprocessing = 0;
		};
/* End PBXResourcesBuildPhase section */

/* Begin PBXSourcesBuildPhase section */
		DF7977C1244EB93800BBD2EF /* Sources */ = {
			isa = PBXSourcesBuildPhase;
			buildActionMask = 2147483647;
			files = (
				DF7977C9244EB93800BBD2EF /* AppDelegate.swift in Sources */,
				DF7977CB244EB93800BBD2EF /* SceneDelegate.swift in Sources */,
				DF7977CD244EB93800BBD2EF /* ContentView.swift in Sources */,
			);
			runOnlyForDeploymentPostprocessing = 0;
		};
/* End PBXSourcesBuildPhase section */

/* Begin PBXVariantGroup section */
		DF7977D3244EB93C00BBD2EF /* LaunchScreen.storyboard */ = {
			isa = PBXVariantGroup;
			children = (
				DF7977D4244EB93C00BBD2EF /* Base */,
			);
			name = LaunchScreen.storyboard;
			sourceTree = "<group>";
		};
/* End PBXVariantGroup section */

/* Begin XCBuildConfiguration section */
		DF7977D7244EB93C00BBD2EF /* Debug */ = {
			isa = XCBuildConfiguration;
			buildSettings = {
				ALWAYS_SEARCH_USER_PATHS = NO;
				CLANG_ANALYZER_NONNULL = YES;
				CLANG_ANALYZER_NUMBER_OBJECT_CONVERSION = YES_AGGRESSIVE;
				CLANG_CXX_LANGUAGE_STANDARD = "gnu++14";
				CLANG_CXX_LIBRARY = "libc++";
				CLANG_ENABLE_MODULES = YES;
				CLANG_ENABLE_OBJC_ARC = YES;
				CLANG_ENABLE_OBJC_WEAK = YES;
				CLANG_WARN_BLOCK_CAPTURE_AUTORELEASING = YES;
				CLANG_WARN_BOOL_CONVERSION = YES;
				CLANG_WARN_COMMA = YES;
				CLANG_WARN_CONSTANT_CONVERSION = YES;
				CLANG_WARN_DEPRECATED_OBJC_IMPLEMENTATIONS = YES;
				CLANG_WARN_DIRECT_OBJC_ISA_USAGE = YES_ERROR;
				CLANG_WARN_DOCUMENTATION_COMMENTS = YES;
				CLANG_WARN_EMPTY_BODY = YES;
				CLANG_WARN_ENUM_CONVERSION = YES;
				CLANG_WARN_INFINITE_RECURSION = YES;
				CLANG_WARN_INT_CONVERSION = YES;
				CLANG_WARN_NON_LITERAL_NULL_CONVERSION = YES;
				CLANG_WARN_OBJC_IMPLICIT_RETAIN_SELF = YES;
				CLANG_WARN_OBJC_LITERAL_CONVERSION = YES;
				CLANG_WARN_OBJC_ROOT_CLASS = YES_ERROR;
				CLANG_WARN_RANGE_LOOP_ANALYSIS = YES;
				CLANG_WARN_STRICT_PROTOTYPES = YES;
				CLANG_WARN_SUSPICIOUS_MOVE = YES;
				CLANG_WARN_UNGUARDED_AVAILABILITY = YES_AGGRESSIVE;
				CLANG_WARN_UNREACHABLE_CODE = YES;
				CLANG_WARN__DUPLICATE_METHOD_MATCH = YES;
				COPY_PHASE_STRIP = NO;
				DEBUG_INFORMATION_FORMAT = dwarf;
				ENABLE_STRICT_OBJC_MSGSEND = YES;
				ENABLE_TESTABILITY = YES;
				GCC_C_LANGUAGE_STANDARD = gnu11;
				GCC_DYNAMIC_NO_PIC = NO;
				GCC_NO_COMMON_BLOCKS = YES;
				GCC_OPTIMIZATION_LEVEL = 0;
				GCC_PREPROCESSOR_DEFINITIONS = (
					"DEBUG=1",
					"$(inherited)",
				);
				GCC_WARN_64_TO_32_BIT_CONVERSION = YES;
				GCC_WARN_ABOUT_RETURN_TYPE = YES_ERROR;
				GCC_WARN_UNDECLARED_SELECTOR = YES;
				GCC_WARN_UNINITIALIZED_AUTOS = YES_AGGRESSIVE;
				GCC_WARN_UNUSED_FUNCTION = YES;
				GCC_WARN_UNUSED_VARIABLE = YES;
				IPHONEOS_DEPLOYMENT_TARGET = 13.4;
				MTL_ENABLE_DEBUG_INFO = INCLUDE_SOURCE;
				MTL_FAST_MATH = YES;
				ONLY_ACTIVE_ARCH = YES;
				SDKROOT = iphoneos;
				SWIFT_ACTIVE_COMPILATION_CONDITIONS = DEBUG;
				SWIFT_OPTIMIZATION_LEVEL = "-Onone";
			};
			name = Debug;
		};
		DF7977D8244EB93C00BBD2EF /* Release */ = {
			isa = XCBuildConfiguration;
			buildSettings = {
				ALWAYS_SEARCH_USER_PATHS = NO;
				CLANG_ANALYZER_NONNULL = YES;
				CLANG_ANALYZER_NUMBER_OBJECT_CONVERSION = YES_AGGRESSIVE;
				CLANG_CXX_LANGUAGE_STANDARD = "gnu++14";
				CLANG_CXX_LIBRARY = "libc++";
				CLANG_ENABLE_MODULES = YES;
				CLANG_ENABLE_OBJC_ARC = YES;
				CLANG_ENABLE_OBJC_WEAK = YES;
				CLANG_WARN_BLOCK_CAPTURE_AUTORELEASING = YES;
				CLANG_WARN_BOOL_CONVERSION = YES;
				CLANG_WARN_COMMA = YES;
				CLANG_WARN_CONSTANT_CONVERSION = YES;
				CLANG_WARN_DEPRECATED_OBJC_IMPLEMENTATIONS = YES;
				CLANG_WARN_DIRECT_OBJC_ISA_USAGE = YES_ERROR;
				CLANG_WARN_DOCUMENTATION_COMMENTS = YES;
				CLANG_WARN_EMPTY_BODY = YES;
				CLANG_WARN_ENUM_CONVERSION = YES;
				CLANG_WARN_INFINITE_RECURSION = YES;
				CLANG_WARN_INT_CONVERSION = YES;
				CLANG_WARN_NON_LITERAL_NULL_CONVERSION = YES;
				CLANG_WARN_OBJC_IMPLICIT_RETAIN_SELF = YES;
				CLANG_WARN_OBJC_LITERAL_CONVERSION = YES;
				CLANG_WARN_OBJC_ROOT_CLASS = YES_ERROR;
				CLANG_WARN_RANGE_LOOP_ANALYSIS = YES;
				CLANG_WARN_STRICT_PROTOTYPES = YES;
				CLANG_WARN_SUSPICIOUS_MOVE = YES;
				CLANG_WARN_UNGUARDED_AVAILABILITY = YES_AGGRESSIVE;
				CLANG_WARN_UNREACHABLE_CODE = YES;
				CLANG_WARN__DUPLICATE_METHOD_MATCH = YES;
				COPY_PHASE_STRIP = NO;
				DEBUG_INFORMATION_FORMAT = "dwarf-with-dsym";
				ENABLE_NS_ASSERTIONS = NO;
				ENABLE_STRICT_OBJC_MSGSEND = YES;
				GCC_C_LANGUAGE_STANDARD = gnu11;
				GCC_NO_COMMON_BLOCKS = YES;
				GCC_WARN_64_TO_32_BIT_CONVERSION = YES;
				GCC_WARN_ABOUT_RETURN_TYPE = YES_ERROR;
				GCC_WARN_UNDECLARED_SELECTOR = YES;
				GCC_WARN_UNINITIALIZED_AUTOS = YES_AGGRESSIVE;
				GCC_WARN_UNUSED_FUNCTION = YES;
				GCC_WARN_UNUSED_VARIABLE = YES;
				IPHONEOS_DEPLOYMENT_TARGET = 13.4;
				MTL_ENABLE_DEBUG_INFO = NO;
				MTL_FAST_MATH = YES;
				SDKROOT = iphoneos;
				SWIFT_COMPILATION_MODE = wholemodule;
				SWIFT_OPTIMIZATION_LEVEL = "-O";
				VALIDATE_PRODUCT = YES;
			};
			name = Release;
		};
		DF7977DA244EB93C00BBD2EF /* Debug */ = {
			isa = XCBuildConfiguration;
			buildSettings = {
				ASSETCATALOG_COMPILER_APPICON_NAME = AppIcon;
				CODE_SIGN_STYLE = Automatic;
				DEVELOPMENT_ASSET_PATHS = "\"Tint Overlay/Preview Content\"";
				DEVELOPMENT_TEAM = 2K8RD7C9AW;
				ENABLE_PREVIEWS = YES;
				INFOPLIST_FILE = "Tint Overlay/Info.plist";
				LD_RUNPATH_SEARCH_PATHS = (
					"$(inherited)",
					"@executable_path/Frameworks",
				);
				PRODUCT_BUNDLE_IDENTIFIER = "au-com-volve.Tint-Overlay";
				PRODUCT_NAME = "$(TARGET_NAME)";
				SWIFT_VERSION = 5.0;
				TARGETED_DEVICE_FAMILY = "1,2";
			};
			name = Debug;
		};
		DF7977DB244EB93C00BBD2EF /* Release */ = {
			isa = XCBuildConfiguration;
			buildSettings = {
				ASSETCATALOG_COMPILER_APPICON_NAME = AppIcon;
				CODE_SIGN_STYLE = Automatic;
				DEVELOPMENT_ASSET_PATHS = "\"Tint Overlay/Preview Content\"";
				DEVELOPMENT_TEAM = 2K8RD7C9AW;
				ENABLE_PREVIEWS = YES;
				INFOPLIST_FILE = "Tint Overlay/Info.plist";
				LD_RUNPATH_SEARCH_PATHS = (
					"$(inherited)",
					"@executable_path/Frameworks",
				);
				PRODUCT_BUNDLE_IDENTIFIER = "au-com-volve.Tint-Overlay";
				PRODUCT_NAME = "$(TARGET_NAME)";
				SWIFT_VERSION = 5.0;
				TARGETED_DEVICE_FAMILY = "1,2";
			};
			name = Release;
		};
/* End XCBuildConfiguration section */

/* Begin XCConfigurationList section */
		DF7977C0244EB93800BBD2EF /* Build configuration list for PBXProject "Tint Overlay" */ = {
			isa = XCConfigurationList;
			buildConfigurations = (
				DF7977D7244EB93C00BBD2EF /* Debug */,
				DF7977D8244EB93C00BBD2EF /* Release */,
			);
			defaultConfigurationIsVisible = 0;
			defaultConfigurationName = Release;
		};
		DF7977D9244EB93C00BBD2EF /* Build configuration list for PBXNativeTarget "Tint Overlay" */ = {
			isa = XCConfigurationList;
			buildConfigurations = (
				DF7977DA244EB93C00BBD2EF /* Debug */,
				DF7977DB244EB93C00BBD2EF /* Release */,
			);
			defaultConfigurationIsVisible = 0;
			defaultConfigurationName = Release;
		};
/* End XCConfigurationList section */
	};
	rootObject = DF7977BD244EB93800BBD2EF /* Project object */;
}
